
Microsoft Visual Studio Solution File, Format Version 12.00
# Visual Studio Version 17
VisualStudioVersion = 17.13.35828.75 d17.13
MinimumVisualStudioVersion = 10.0.40219.1
Project("{FAE04EC0-301F-11D3-BF4B-00C04F79EFBC}") = "QSoft.Exif", "QSoft.Exif\QSoft.Exif.csproj", "{B9BAF721-7B0E-4F8F-ABF0-A9D9502F0751}"
EndProject
Project("{FAE04EC0-301F-11D3-BF4B-00C04F79EFBC}") = "QSoft.ExifT", "QSoft.ExifT\QSoft.ExifT.csproj", "{7016BDA9-9CB5-472C-B7C4-021C2407169F}"
EndProject
Global
	GlobalSection(SolutionConfigurationPlatforms) = preSolution
		Debug|Any CPU = Debug|Any CPU
		Release|Any CPU = Release|Any CPU
	EndGlobalSection
	GlobalSection(ProjectConfigurationPlatforms) = postSolution
		{B9BAF721-7B0E-4F8F-ABF0-A9D9502F0751}.Debug|Any CPU.ActiveCfg = Debug|Any CPU
		{B9BAF721-7B0E-4F8F-ABF0-A9D9502F0751}.Debug|Any CPU.Build.0 = Debug|Any CPU
		{B9BAF721-7B0E-4F8F-ABF0-A9D9502F0751}.Release|Any CPU.ActiveCfg = Release|Any CPU
		{B9BAF721-7B0E-4F8F-ABF0-A9D9502F0751}.Release|Any CPU.Build.0 = Release|Any CPU
		{7016BDA9-9CB5-472C-B7C4-021C2407169F}.Debug|Any CPU.ActiveCfg = Debug|Any CPU
		{7016BDA9-9CB5-472C-B7C4-021C2407169F}.Debug|Any CPU.Build.0 = Debug|Any CPU
		{7016BDA9-9CB5-472C-B7C4-021C2407169F}.Release|Any CPU.ActiveCfg = Release|Any CPU
		{7016BDA9-9CB5-472C-B7C4-021C2407169F}.Release|Any CPU.Build.0 = Release|Any CPU
	EndGlobalSection
	GlobalSection(SolutionProperties) = preSolution
		HideSolutionNode = FALSE
	EndGlobalSection
	GlobalSection(ExtensibilityGlobals) = postSolution
		SolutionGuid = {B371B864-A1F0-4531-B03D-8968AE5AAA00}
	EndGlobalSection
EndGlobal
