
Microsoft Visual Studio Solution File, Format Version 12.00
# Visual Studio Version 16
VisualStudioVersion = 16.0.30204.135
MinimumVisualStudioVersion = 10.0.40219.1
Project("{FAE04EC0-301F-11D3-BF4B-00C04F79EFBC}") = "DemoApp", "DemoApp\DemoApp.csproj", "{2940FEB6-56E5-46A4-98B3-CF0B3571171C}"
EndProject
Global
	GlobalSection(SolutionConfigurationPlatforms) = preSolution
		Debug|Any CPU = Debug|Any CPU
		Debug|x64 = Debug|x64
		Release|Any CPU = Release|Any CPU
		Release|x64 = Release|x64
	EndGlobalSection
	GlobalSection(ProjectConfigurationPlatforms) = postSolution
		{2940FEB6-56E5-46A4-98B3-CF0B3571171C}.Debug|Any CPU.ActiveCfg = Debug|Any CPU
		{2940FEB6-56E5-46A4-98B3-CF0B3571171C}.Debug|Any CPU.Build.0 = Debug|Any CPU
		{2940FEB6-56E5-46A4-98B3-CF0B3571171C}.Debug|x64.ActiveCfg = Debug|Any CPU
		{2940FEB6-56E5-46A4-98B3-CF0B3571171C}.Debug|x64.Build.0 = Debug|Any CPU
		{2940FEB6-56E5-46A4-98B3-CF0B3571171C}.Release|Any CPU.ActiveCfg = Release|Any CPU
		{2940FEB6-56E5-46A4-98B3-CF0B3571171C}.Release|Any CPU.Build.0 = Release|Any CPU
		{2940FEB6-56E5-46A4-98B3-CF0B3571171C}.Release|x64.ActiveCfg = Release|Any CPU
		{2940FEB6-56E5-46A4-98B3-CF0B3571171C}.Release|x64.Build.0 = Release|Any CPU
	EndGlobalSection
	GlobalSection(SolutionProperties) = preSolution
		HideSolutionNode = FALSE
	EndGlobalSection
	GlobalSection(ExtensibilityGlobals) = postSolution
		SolutionGuid = {4A3E5D8F-89A5-43BC-A29F-362CEB3A9E27}
	EndGlobalSection
EndGlobal
